
Microsoft Visual Studio Solution File, Format Version 12.00
# Visual Studio 2013
VisualStudioVersion = 12.0.21005.1
MinimumVisualStudioVersion = 10.0.40219.1
Project("{FAE04EC0-301F-11D3-BF4B-00C04F79EFBC}") = "WebServiceBNDS", "WebServiceBNDS\WebServiceBNDS.csproj", "{48C58EE1-3F6C-4276-97B4-ED49F70C3A9B}"
EndProject
Global
	GlobalSection(TeamFoundationVersionControl) = preSolution
		SccNumberOfProjects = 2
		SccEnterpriseProvider = {4CA58AB2-18FA-4F8D-95D4-32DDF27D184C}
		SccTeamFoundationServer = http://wchltfs01:8080/tfs/eep
		SccLocalPath0 = .
		SccProjectUniqueName1 = WebServiceBNDS\\WebServiceBNDS.csproj
		SccProjectName1 = WebServiceBNDS
		SccLocalPath1 = WebServiceBNDS
	EndGlobalSection
	GlobalSection(SolutionConfigurationPlatforms) = preSolution
		Debug|Any CPU = Debug|Any CPU
		Release|Any CPU = Release|Any CPU
	EndGlobalSection
	GlobalSection(ProjectConfigurationPlatforms) = postSolution
		{48C58EE1-3F6C-4276-97B4-ED49F70C3A9B}.Debug|Any CPU.ActiveCfg = Debug|Any CPU
		{48C58EE1-3F6C-4276-97B4-ED49F70C3A9B}.Debug|Any CPU.Build.0 = Debug|Any CPU
		{48C58EE1-3F6C-4276-97B4-ED49F70C3A9B}.Release|Any CPU.ActiveCfg = Release|Any CPU
		{48C58EE1-3F6C-4276-97B4-ED49F70C3A9B}.Release|Any CPU.Build.0 = Release|Any CPU
	EndGlobalSection
	GlobalSection(SolutionProperties) = preSolution
		HideSolutionNode = FALSE
	EndGlobalSection
EndGlobal
