
Microsoft Visual Studio Solution File, Format Version 12.00
# Visual Studio 2013
VisualStudioVersion = 12.0.21005.1
MinimumVisualStudioVersion = 10.0.40219.1
Project("{FAE04EC0-301F-11D3-BF4B-00C04F79EFBC}") = "WFATesteAssinaturaXML", "WFATesteAssinaturaXML\WFATesteAssinaturaXML.csproj", "{667106C9-0DA6-4618-B955-7E4B0BCFBB65}"
EndProject
Project("{FAE04EC0-301F-11D3-BF4B-00C04F79EFBC}") = "ReinfDBClassLibrary", "RefinDBClassLibrary\ReinfDBClassLibrary.csproj", "{37E27F4E-3328-483F-904B-CFF6FF932D8F}"
EndProject
Project("{FAE04EC0-301F-11D3-BF4B-00C04F79EFBC}") = "ReinfModelClassLibrary", "ModelClassLibrary\ReinfModelClassLibrary.csproj", "{CC0AF9CB-1C76-4F44-9823-979907F91C1C}"
EndProject
Global
	GlobalSection(TeamFoundationVersionControl) = preSolution
		SccNumberOfProjects = 4
		SccEnterpriseProvider = {4CA58AB2-18FA-4F8D-95D4-32DDF27D184C}
		SccTeamFoundationServer = http://wchltfs01:8080/tfs/eep
		SccLocalPath0 = .
		SccProjectUniqueName1 = ModelClassLibrary\\ReinfModelClassLibrary.csproj
		SccProjectName1 = ModelClassLibrary
		SccLocalPath1 = ModelClassLibrary
		SccProjectUniqueName2 = RefinDBClassLibrary\\ReinfDBClassLibrary.csproj
		SccProjectName2 = RefinDBClassLibrary
		SccLocalPath2 = RefinDBClassLibrary
		SccProjectUniqueName3 = WFATesteAssinaturaXML\\WFATesteAssinaturaXML.csproj
		SccProjectName3 = WFATesteAssinaturaXML
		SccLocalPath3 = WFATesteAssinaturaXML
	EndGlobalSection
	GlobalSection(SolutionConfigurationPlatforms) = preSolution
		Debug|Any CPU = Debug|Any CPU
		Release|Any CPU = Release|Any CPU
	EndGlobalSection
	GlobalSection(ProjectConfigurationPlatforms) = postSolution
		{667106C9-0DA6-4618-B955-7E4B0BCFBB65}.Debug|Any CPU.ActiveCfg = Debug|Any CPU
		{667106C9-0DA6-4618-B955-7E4B0BCFBB65}.Debug|Any CPU.Build.0 = Debug|Any CPU
		{667106C9-0DA6-4618-B955-7E4B0BCFBB65}.Release|Any CPU.ActiveCfg = Release|Any CPU
		{667106C9-0DA6-4618-B955-7E4B0BCFBB65}.Release|Any CPU.Build.0 = Release|Any CPU
		{37E27F4E-3328-483F-904B-CFF6FF932D8F}.Debug|Any CPU.ActiveCfg = Debug|Any CPU
		{37E27F4E-3328-483F-904B-CFF6FF932D8F}.Debug|Any CPU.Build.0 = Debug|Any CPU
		{37E27F4E-3328-483F-904B-CFF6FF932D8F}.Release|Any CPU.ActiveCfg = Release|Any CPU
		{37E27F4E-3328-483F-904B-CFF6FF932D8F}.Release|Any CPU.Build.0 = Release|Any CPU
		{CC0AF9CB-1C76-4F44-9823-979907F91C1C}.Debug|Any CPU.ActiveCfg = Debug|Any CPU
		{CC0AF9CB-1C76-4F44-9823-979907F91C1C}.Debug|Any CPU.Build.0 = Debug|Any CPU
		{CC0AF9CB-1C76-4F44-9823-979907F91C1C}.Release|Any CPU.ActiveCfg = Release|Any CPU
		{CC0AF9CB-1C76-4F44-9823-979907F91C1C}.Release|Any CPU.Build.0 = Release|Any CPU
	EndGlobalSection
	GlobalSection(SolutionProperties) = preSolution
		HideSolutionNode = FALSE
	EndGlobalSection
EndGlobal
